// !$*UTF8*$!
{
	archiveVersion = 1;
	classes = {
	};
	objectVersion = 56;
	objects = {

/* Begin PBXBuildFile section */
		C70D1EC828F6196800B50572 /* ShakeyBellView.swift in Sources */ = {isa = PBXBuildFile; fileRef = C70D1EC728F6196800B50572 /* ShakeyBellView.swift */; };
		C70D1ECA28F74B7500B50572 /* Date+Utils.swift in Sources */ = {isa = PBXBuildFile; fileRef = C70D1EC928F74B7500B50572 /* Date+Utils.swift */; };
		C70D1ECC28F74CDC00B50572 /* AccountSummaryViewController+Networking.swift in Sources */ = {isa = PBXBuildFile; fileRef = C70D1ECB28F74CDC00B50572 /* AccountSummaryViewController+Networking.swift */; };
		C75112EE28DABABB008F04BE /* OnboardingContainerViewController.swift in Sources */ = {isa = PBXBuildFile; fileRef = C75112ED28DABABB008F04BE /* OnboardingContainerViewController.swift */; };
		C75112F028DAC1F8008F04BE /* OnboardingViewController.swift in Sources */ = {isa = PBXBuildFile; fileRef = C75112EF28DAC1F8008F04BE /* OnboardingViewController.swift */; };
		C75112F428E3F3C5008F04BE /* DummyViewController.swift in Sources */ = {isa = PBXBuildFile; fileRef = C75112F328E3F3C5008F04BE /* DummyViewController.swift */; };
		C75112F728E3FA70008F04BE /* LocalState.swift in Sources */ = {isa = PBXBuildFile; fileRef = C75112F628E3FA70008F04BE /* LocalState.swift */; };
		C762638D28ED3E3D008285C7 /* AccountSummaryHeaderView.xib in Resources */ = {isa = PBXBuildFile; fileRef = C762638C28ED3E3D008285C7 /* AccountSummaryHeaderView.xib */; };
		C762639028ED3E65008285C7 /* AccountSummaryCell.swift in Sources */ = {isa = PBXBuildFile; fileRef = C762638F28ED3E65008285C7 /* AccountSummaryCell.swift */; };
		C762639228EF796E008285C7 /* Decimil+Utils.swift in Sources */ = {isa = PBXBuildFile; fileRef = C762639128EF796E008285C7 /* Decimil+Utils.swift */; };
		C762639428EF79AD008285C7 /* CurrencyFormatter.swift in Sources */ = {isa = PBXBuildFile; fileRef = C762639328EF79AD008285C7 /* CurrencyFormatter.swift */; };
		C768C6B328EA87AB0028A01F /* UIViewController+Utils.swift in Sources */ = {isa = PBXBuildFile; fileRef = C768C6B228EA87AB0028A01F /* UIViewController+Utils.swift */; };
		C768C6B528EA88FF0028A01F /* MainViewController.swift in Sources */ = {isa = PBXBuildFile; fileRef = C768C6B428EA88FF0028A01F /* MainViewController.swift */; };
		C768C6B828EBE7FD0028A01F /* AccountSummaryViewController.swift in Sources */ = {isa = PBXBuildFile; fileRef = C768C6B728EBE7FD0028A01F /* AccountSummaryViewController.swift */; };
		C768C6BA28EBEA750028A01F /* AccountSummaryHeaderView.swift in Sources */ = {isa = PBXBuildFile; fileRef = C768C6B928EBEA750028A01F /* AccountSummaryHeaderView.swift */; };
		C77ABCA728D8C6F300849FF3 /* AppDelegate.swift in Sources */ = {isa = PBXBuildFile; fileRef = C77ABCA628D8C6F300849FF3 /* AppDelegate.swift */; };
		C77ABCAB28D8C6F300849FF3 /* LoginViewController.swift in Sources */ = {isa = PBXBuildFile; fileRef = C77ABCAA28D8C6F300849FF3 /* LoginViewController.swift */; };
		C77ABCB028D8C6F400849FF3 /* Assets.xcassets in Resources */ = {isa = PBXBuildFile; fileRef = C77ABCAF28D8C6F400849FF3 /* Assets.xcassets */; };
		C77ABCB328D8C6F400849FF3 /* LaunchScreen.storyboard in Resources */ = {isa = PBXBuildFile; fileRef = C77ABCB128D8C6F400849FF3 /* LaunchScreen.storyboard */; };
		C77ABCBE28D8CE1800849FF3 /* LoginView.swift in Sources */ = {isa = PBXBuildFile; fileRef = C77ABCBD28D8CE1800849FF3 /* LoginView.swift */; };
		C7B0C63628F213C10058F081 /* CurrencyFormatterTests.swift in Sources */ = {isa = PBXBuildFile; fileRef = C7B0C63528F213C10058F081 /* CurrencyFormatterTests.swift */; };
		C7B0C63828F476370058F081 /* NSNotificationName.swift in Sources */ = {isa = PBXBuildFile; fileRef = C7B0C63728F476370058F081 /* NSNotificationName.swift */; };
		C7B0C63A28F47BAD0058F081 /* UITextField+SecureToggle.swift in Sources */ = {isa = PBXBuildFile; fileRef = C7B0C63928F47BAD0058F081 /* UITextField+SecureToggle.swift */; };
/* End PBXBuildFile section */

/* Begin PBXContainerItemProxy section */
		C7B0C63028F213AE0058F081 /* PBXContainerItemProxy */ = {
			isa = PBXContainerItemProxy;
			containerPortal = C77ABC9B28D8C6F300849FF3 /* Project object */;
			proxyType = 1;
			remoteGlobalIDString = C77ABCA228D8C6F300849FF3;
			remoteInfo = "Banked Up";
		};
/* End PBXContainerItemProxy section */

/* Begin PBXFileReference section */
		C70D1EC728F6196800B50572 /* ShakeyBellView.swift */ = {isa = PBXFileReference; lastKnownFileType = sourcecode.swift; path = ShakeyBellView.swift; sourceTree = "<group>"; };
		C70D1EC928F74B7500B50572 /* Date+Utils.swift */ = {isa = PBXFileReference; lastKnownFileType = sourcecode.swift; path = "Date+Utils.swift"; sourceTree = "<group>"; };
		C70D1ECB28F74CDC00B50572 /* AccountSummaryViewController+Networking.swift */ = {isa = PBXFileReference; lastKnownFileType = sourcecode.swift; path = "AccountSummaryViewController+Networking.swift"; sourceTree = "<group>"; };
		C75112ED28DABABB008F04BE /* OnboardingContainerViewController.swift */ = {isa = PBXFileReference; lastKnownFileType = sourcecode.swift; path = OnboardingContainerViewController.swift; sourceTree = "<group>"; };
		C75112EF28DAC1F8008F04BE /* OnboardingViewController.swift */ = {isa = PBXFileReference; lastKnownFileType = sourcecode.swift; path = OnboardingViewController.swift; sourceTree = "<group>"; };
		C75112F328E3F3C5008F04BE /* DummyViewController.swift */ = {isa = PBXFileReference; lastKnownFileType = sourcecode.swift; path = DummyViewController.swift; sourceTree = "<group>"; };
		C75112F628E3FA70008F04BE /* LocalState.swift */ = {isa = PBXFileReference; lastKnownFileType = sourcecode.swift; path = LocalState.swift; sourceTree = "<group>"; };
		C762638C28ED3E3D008285C7 /* AccountSummaryHeaderView.xib */ = {isa = PBXFileReference; fileEncoding = 4; lastKnownFileType = file.xib; path = AccountSummaryHeaderView.xib; sourceTree = "<group>"; };
		C762638F28ED3E65008285C7 /* AccountSummaryCell.swift */ = {isa = PBXFileReference; lastKnownFileType = sourcecode.swift; path = AccountSummaryCell.swift; sourceTree = "<group>"; };
		C762639128EF796E008285C7 /* Decimil+Utils.swift */ = {isa = PBXFileReference; lastKnownFileType = sourcecode.swift; path = "Decimil+Utils.swift"; sourceTree = "<group>"; };
		C762639328EF79AD008285C7 /* CurrencyFormatter.swift */ = {isa = PBXFileReference; lastKnownFileType = sourcecode.swift; path = CurrencyFormatter.swift; sourceTree = "<group>"; };
		C768C6B228EA87AB0028A01F /* UIViewController+Utils.swift */ = {isa = PBXFileReference; lastKnownFileType = sourcecode.swift; path = "UIViewController+Utils.swift"; sourceTree = "<group>"; };
		C768C6B428EA88FF0028A01F /* MainViewController.swift */ = {isa = PBXFileReference; lastKnownFileType = sourcecode.swift; path = MainViewController.swift; sourceTree = "<group>"; };
		C768C6B728EBE7FD0028A01F /* AccountSummaryViewController.swift */ = {isa = PBXFileReference; lastKnownFileType = sourcecode.swift; path = AccountSummaryViewController.swift; sourceTree = "<group>"; };
		C768C6B928EBEA750028A01F /* AccountSummaryHeaderView.swift */ = {isa = PBXFileReference; lastKnownFileType = sourcecode.swift; path = AccountSummaryHeaderView.swift; sourceTree = "<group>"; };
		C77ABCA328D8C6F300849FF3 /* Banked Up.app */ = {isa = PBXFileReference; explicitFileType = wrapper.application; includeInIndex = 0; path = "Banked Up.app"; sourceTree = BUILT_PRODUCTS_DIR; };
		C77ABCA628D8C6F300849FF3 /* AppDelegate.swift */ = {isa = PBXFileReference; lastKnownFileType = sourcecode.swift; path = AppDelegate.swift; sourceTree = "<group>"; };
		C77ABCAA28D8C6F300849FF3 /* LoginViewController.swift */ = {isa = PBXFileReference; lastKnownFileType = sourcecode.swift; path = LoginViewController.swift; sourceTree = "<group>"; };
		C77ABCAF28D8C6F400849FF3 /* Assets.xcassets */ = {isa = PBXFileReference; lastKnownFileType = folder.assetcatalog; path = Assets.xcassets; sourceTree = "<group>"; };
		C77ABCB228D8C6F400849FF3 /* Base */ = {isa = PBXFileReference; lastKnownFileType = file.storyboard; name = Base; path = Base.lproj/LaunchScreen.storyboard; sourceTree = "<group>"; };
		C77ABCB428D8C6F500849FF3 /* Info.plist */ = {isa = PBXFileReference; lastKnownFileType = text.plist.xml; path = Info.plist; sourceTree = "<group>"; };
		C77ABCBD28D8CE1800849FF3 /* LoginView.swift */ = {isa = PBXFileReference; lastKnownFileType = sourcecode.swift; path = LoginView.swift; sourceTree = "<group>"; };
		C7B0C62C28F213AE0058F081 /* Banked Up Unit Tests.xctest */ = {isa = PBXFileReference; explicitFileType = wrapper.cfbundle; includeInIndex = 0; path = "Banked Up Unit Tests.xctest"; sourceTree = BUILT_PRODUCTS_DIR; };
		C7B0C63528F213C10058F081 /* CurrencyFormatterTests.swift */ = {isa = PBXFileReference; lastKnownFileType = sourcecode.swift; path = CurrencyFormatterTests.swift; sourceTree = "<group>"; };
		C7B0C63728F476370058F081 /* NSNotificationName.swift */ = {isa = PBXFileReference; lastKnownFileType = sourcecode.swift; path = NSNotificationName.swift; sourceTree = "<group>"; };
		C7B0C63928F47BAD0058F081 /* UITextField+SecureToggle.swift */ = {isa = PBXFileReference; lastKnownFileType = sourcecode.swift; path = "UITextField+SecureToggle.swift"; sourceTree = "<group>"; };
/* End PBXFileReference section */

/* Begin PBXFrameworksBuildPhase section */
		C77ABCA028D8C6F300849FF3 /* Frameworks */ = {
			isa = PBXFrameworksBuildPhase;
			buildActionMask = 2147483647;
			files = (
			);
			runOnlyForDeploymentPostprocessing = 0;
		};
		C7B0C62928F213AE0058F081 /* Frameworks */ = {
			isa = PBXFrameworksBuildPhase;
			buildActionMask = 2147483647;
			files = (
			);
			runOnlyForDeploymentPostprocessing = 0;
		};
/* End PBXFrameworksBuildPhase section */

/* Begin PBXGroup section */
		C70D1EC628F6194F00B50572 /* Components */ = {
			isa = PBXGroup;
			children = (
				C70D1EC728F6196800B50572 /* ShakeyBellView.swift */,
			);
			path = Components;
			sourceTree = "<group>";
		};
		C75112EC28DABA9D008F04BE /* Onboarding */ = {
			isa = PBXGroup;
			children = (
				C75112ED28DABABB008F04BE /* OnboardingContainerViewController.swift */,
				C75112EF28DAC1F8008F04BE /* OnboardingViewController.swift */,
			);
			path = Onboarding;
			sourceTree = "<group>";
		};
		C75112F528E3FA62008F04BE /* Utilities */ = {
			isa = PBXGroup;
			children = (
				C768C6B228EA87AB0028A01F /* UIViewController+Utils.swift */,
				C762639128EF796E008285C7 /* Decimil+Utils.swift */,
				C7B0C63928F47BAD0058F081 /* UITextField+SecureToggle.swift */,
				C75112F628E3FA70008F04BE /* LocalState.swift */,
				C762639328EF79AD008285C7 /* CurrencyFormatter.swift */,
				C7B0C63728F476370058F081 /* NSNotificationName.swift */,
				C70D1EC928F74B7500B50572 /* Date+Utils.swift */,
			);
			path = Utilities;
			sourceTree = "<group>";
		};
		C762638E28ED3E4D008285C7 /* Cells */ = {
			isa = PBXGroup;
			children = (
				C762638F28ED3E65008285C7 /* AccountSummaryCell.swift */,
			);
			path = Cells;
			sourceTree = "<group>";
		};
		C768C6B628EBE7DA0028A01F /* AccountSummary */ = {
			isa = PBXGroup;
			children = (
				C768C6B728EBE7FD0028A01F /* AccountSummaryViewController.swift */,
				C70D1ECB28F74CDC00B50572 /* AccountSummaryViewController+Networking.swift */,
				C7C4219228ED3E07002A6931 /* Header */,
				C762638E28ED3E4D008285C7 /* Cells */,
			);
			path = AccountSummary;
			sourceTree = "<group>";
		};
		C77ABC9A28D8C6F300849FF3 = {
			isa = PBXGroup;
			children = (
				C77ABCA528D8C6F300849FF3 /* Banked Up */,
				C7B0C62D28F213AE0058F081 /* Banked Up Unit Tests */,
				C77ABCA428D8C6F300849FF3 /* Products */,
			);
			sourceTree = "<group>";
		};
		C77ABCA428D8C6F300849FF3 /* Products */ = {
			isa = PBXGroup;
			children = (
				C77ABCA328D8C6F300849FF3 /* Banked Up.app */,
				C7B0C62C28F213AE0058F081 /* Banked Up Unit Tests.xctest */,
			);
			name = Products;
			sourceTree = "<group>";
		};
		C77ABCA528D8C6F300849FF3 /* Banked Up */ = {
			isa = PBXGroup;
			children = (
				C77ABCA628D8C6F300849FF3 /* AppDelegate.swift */,
				C768C6B428EA88FF0028A01F /* MainViewController.swift */,
				C77ABCBC28D8CDEE00849FF3 /* Login */,
				C75112EC28DABA9D008F04BE /* Onboarding */,
				C768C6B628EBE7DA0028A01F /* AccountSummary */,
				C75112F528E3FA62008F04BE /* Utilities */,
				C70D1EC628F6194F00B50572 /* Components */,
				C77ABCBB28D8CDA800849FF3 /* Files */,
			);
			path = "Banked Up";
			sourceTree = "<group>";
		};
		C77ABCBB28D8CDA800849FF3 /* Files */ = {
			isa = PBXGroup;
			children = (
				C77ABCAF28D8C6F400849FF3 /* Assets.xcassets */,
				C77ABCB128D8C6F400849FF3 /* LaunchScreen.storyboard */,
				C77ABCB428D8C6F500849FF3 /* Info.plist */,
			);
			name = Files;
			sourceTree = "<group>";
		};
		C77ABCBC28D8CDEE00849FF3 /* Login */ = {
			isa = PBXGroup;
			children = (
				C77ABCAA28D8C6F300849FF3 /* LoginViewController.swift */,
				C77ABCBD28D8CE1800849FF3 /* LoginView.swift */,
				C75112F328E3F3C5008F04BE /* DummyViewController.swift */,
			);
			path = Login;
			sourceTree = "<group>";
		};
		C7B0C62D28F213AE0058F081 /* Banked Up Unit Tests */ = {
			isa = PBXGroup;
			children = (
				C7B0C63528F213C10058F081 /* CurrencyFormatterTests.swift */,
			);
			path = "Banked Up Unit Tests";
			sourceTree = "<group>";
		};
		C7C4219228ED3E07002A6931 /* Header */ = {
			isa = PBXGroup;
			children = (
				C768C6B928EBEA750028A01F /* AccountSummaryHeaderView.swift */,
				C762638C28ED3E3D008285C7 /* AccountSummaryHeaderView.xib */,
			);
			path = Header;
			sourceTree = "<group>";
		};
/* End PBXGroup section */

/* Begin PBXNativeTarget section */
		C77ABCA228D8C6F300849FF3 /* Banked Up */ = {
			isa = PBXNativeTarget;
			buildConfigurationList = C77ABCB728D8C6F500849FF3 /* Build configuration list for PBXNativeTarget "Banked Up" */;
			buildPhases = (
				C77ABC9F28D8C6F300849FF3 /* Sources */,
				C77ABCA028D8C6F300849FF3 /* Frameworks */,
				C77ABCA128D8C6F300849FF3 /* Resources */,
			);
			buildRules = (
			);
			dependencies = (
			);
			name = "Banked Up";
			productName = "Banked Up";
			productReference = C77ABCA328D8C6F300849FF3 /* Banked Up.app */;
			productType = "com.apple.product-type.application";
		};
		C7B0C62B28F213AE0058F081 /* Banked Up Unit Tests */ = {
			isa = PBXNativeTarget;
			buildConfigurationList = C7B0C63228F213AE0058F081 /* Build configuration list for PBXNativeTarget "Banked Up Unit Tests" */;
			buildPhases = (
				C7B0C62828F213AE0058F081 /* Sources */,
				C7B0C62928F213AE0058F081 /* Frameworks */,
				C7B0C62A28F213AE0058F081 /* Resources */,
			);
			buildRules = (
			);
			dependencies = (
				C7B0C63128F213AE0058F081 /* PBXTargetDependency */,
			);
			name = "Banked Up Unit Tests";
			productName = "Banked Up Unit Tests";
			productReference = C7B0C62C28F213AE0058F081 /* Banked Up Unit Tests.xctest */;
			productType = "com.apple.product-type.bundle.unit-test";
		};
/* End PBXNativeTarget section */

/* Begin PBXProject section */
		C77ABC9B28D8C6F300849FF3 /* Project object */ = {
			isa = PBXProject;
			attributes = {
				BuildIndependentTargetsInParallel = 1;
				LastSwiftUpdateCheck = 1400;
				LastUpgradeCheck = 1400;
				TargetAttributes = {
					C77ABCA228D8C6F300849FF3 = {
						CreatedOnToolsVersion = 14.0;
					};
					C7B0C62B28F213AE0058F081 = {
						CreatedOnToolsVersion = 14.0.1;
						LastSwiftMigration = 1400;
						TestTargetID = C77ABCA228D8C6F300849FF3;
					};
				};
			};
			buildConfigurationList = C77ABC9E28D8C6F300849FF3 /* Build configuration list for PBXProject "Banked Up" */;
			compatibilityVersion = "Xcode 14.0";
			developmentRegion = en;
			hasScannedForEncodings = 0;
			knownRegions = (
				en,
				Base,
			);
			mainGroup = C77ABC9A28D8C6F300849FF3;
			productRefGroup = C77ABCA428D8C6F300849FF3 /* Products */;
			projectDirPath = "";
			projectRoot = "";
			targets = (
				C77ABCA228D8C6F300849FF3 /* Banked Up */,
				C7B0C62B28F213AE0058F081 /* Banked Up Unit Tests */,
			);
		};
/* End PBXProject section */

/* Begin PBXResourcesBuildPhase section */
		C77ABCA128D8C6F300849FF3 /* Resources */ = {
			isa = PBXResourcesBuildPhase;
			buildActionMask = 2147483647;
			files = (
				C762638D28ED3E3D008285C7 /* AccountSummaryHeaderView.xib in Resources */,
				C77ABCB328D8C6F400849FF3 /* LaunchScreen.storyboard in Resources */,
				C77ABCB028D8C6F400849FF3 /* Assets.xcassets in Resources */,
			);
			runOnlyForDeploymentPostprocessing = 0;
		};
		C7B0C62A28F213AE0058F081 /* Resources */ = {
			isa = PBXResourcesBuildPhase;
			buildActionMask = 2147483647;
			files = (
			);
			runOnlyForDeploymentPostprocessing = 0;
		};
/* End PBXResourcesBuildPhase section */

/* Begin PBXSourcesBuildPhase section */
		C77ABC9F28D8C6F300849FF3 /* Sources */ = {
			isa = PBXSourcesBuildPhase;
			buildActionMask = 2147483647;
			files = (
				C768C6B328EA87AB0028A01F /* UIViewController+Utils.swift in Sources */,
				C70D1ECA28F74B7500B50572 /* Date+Utils.swift in Sources */,
				C77ABCBE28D8CE1800849FF3 /* LoginView.swift in Sources */,
				C75112F728E3FA70008F04BE /* LocalState.swift in Sources */,
				C768C6BA28EBEA750028A01F /* AccountSummaryHeaderView.swift in Sources */,
				C7B0C63A28F47BAD0058F081 /* UITextField+SecureToggle.swift in Sources */,
				C75112F428E3F3C5008F04BE /* DummyViewController.swift in Sources */,
				C762639428EF79AD008285C7 /* CurrencyFormatter.swift in Sources */,
				C762639228EF796E008285C7 /* Decimil+Utils.swift in Sources */,
				C7B0C63828F476370058F081 /* NSNotificationName.swift in Sources */,
				C77ABCAB28D8C6F300849FF3 /* LoginViewController.swift in Sources */,
				C70D1EC828F6196800B50572 /* ShakeyBellView.swift in Sources */,
				C762639028ED3E65008285C7 /* AccountSummaryCell.swift in Sources */,
				C75112F028DAC1F8008F04BE /* OnboardingViewController.swift in Sources */,
				C768C6B528EA88FF0028A01F /* MainViewController.swift in Sources */,
				C768C6B828EBE7FD0028A01F /* AccountSummaryViewController.swift in Sources */,
				C77ABCA728D8C6F300849FF3 /* AppDelegate.swift in Sources */,
				C75112EE28DABABB008F04BE /* OnboardingContainerViewController.swift in Sources */,
				C70D1ECC28F74CDC00B50572 /* AccountSummaryViewController+Networking.swift in Sources */,
			);
			runOnlyForDeploymentPostprocessing = 0;
		};
		C7B0C62828F213AE0058F081 /* Sources */ = {
			isa = PBXSourcesBuildPhase;
			buildActionMask = 2147483647;
			files = (
				C7B0C63628F213C10058F081 /* CurrencyFormatterTests.swift in Sources */,
			);
			runOnlyForDeploymentPostprocessing = 0;
		};
/* End PBXSourcesBuildPhase section */

/* Begin PBXTargetDependency section */
		C7B0C63128F213AE0058F081 /* PBXTargetDependency */ = {
			isa = PBXTargetDependency;
			target = C77ABCA228D8C6F300849FF3 /* Banked Up */;
			targetProxy = C7B0C63028F213AE0058F081 /* PBXContainerItemProxy */;
		};
/* End PBXTargetDependency section */

/* Begin PBXVariantGroup section */
		C77ABCB128D8C6F400849FF3 /* LaunchScreen.storyboard */ = {
			isa = PBXVariantGroup;
			children = (
				C77ABCB228D8C6F400849FF3 /* Base */,
			);
			name = LaunchScreen.storyboard;
			sourceTree = "<group>";
		};
/* End PBXVariantGroup section */

/* Begin XCBuildConfiguration section */
		C77ABCB528D8C6F500849FF3 /* Debug */ = {
			isa = XCBuildConfiguration;
			buildSettings = {
				ALWAYS_SEARCH_USER_PATHS = NO;
				CLANG_ANALYZER_NONNULL = YES;
				CLANG_ANALYZER_NUMBER_OBJECT_CONVERSION = YES_AGGRESSIVE;
				CLANG_CXX_LANGUAGE_STANDARD = "gnu++20";
				CLANG_ENABLE_MODULES = YES;
				CLANG_ENABLE_OBJC_ARC = YES;
				CLANG_ENABLE_OBJC_WEAK = YES;
				CLANG_WARN_BLOCK_CAPTURE_AUTORELEASING = YES;
				CLANG_WARN_BOOL_CONVERSION = YES;
				CLANG_WARN_COMMA = YES;
				CLANG_WARN_CONSTANT_CONVERSION = YES;
				CLANG_WARN_DEPRECATED_OBJC_IMPLEMENTATIONS = YES;
				CLANG_WARN_DIRECT_OBJC_ISA_USAGE = YES_ERROR;
				CLANG_WARN_DOCUMENTATION_COMMENTS = YES;
				CLANG_WARN_EMPTY_BODY = YES;
				CLANG_WARN_ENUM_CONVERSION = YES;
				CLANG_WARN_INFINITE_RECURSION = YES;
				CLANG_WARN_INT_CONVERSION = YES;
				CLANG_WARN_NON_LITERAL_NULL_CONVERSION = YES;
				CLANG_WARN_OBJC_IMPLICIT_RETAIN_SELF = YES;
				CLANG_WARN_OBJC_LITERAL_CONVERSION = YES;
				CLANG_WARN_OBJC_ROOT_CLASS = YES_ERROR;
				CLANG_WARN_QUOTED_INCLUDE_IN_FRAMEWORK_HEADER = YES;
				CLANG_WARN_RANGE_LOOP_ANALYSIS = YES;
				CLANG_WARN_STRICT_PROTOTYPES = YES;
				CLANG_WARN_SUSPICIOUS_MOVE = YES;
				CLANG_WARN_UNGUARDED_AVAILABILITY = YES_AGGRESSIVE;
				CLANG_WARN_UNREACHABLE_CODE = YES;
				CLANG_WARN__DUPLICATE_METHOD_MATCH = YES;
				COPY_PHASE_STRIP = NO;
				DEBUG_INFORMATION_FORMAT = dwarf;
				ENABLE_STRICT_OBJC_MSGSEND = YES;
				ENABLE_TESTABILITY = YES;
				GCC_C_LANGUAGE_STANDARD = gnu11;
				GCC_DYNAMIC_NO_PIC = NO;
				GCC_NO_COMMON_BLOCKS = YES;
				GCC_OPTIMIZATION_LEVEL = 0;
				GCC_PREPROCESSOR_DEFINITIONS = (
					"DEBUG=1",
					"$(inherited)",
				);
				GCC_WARN_64_TO_32_BIT_CONVERSION = YES;
				GCC_WARN_ABOUT_RETURN_TYPE = YES_ERROR;
				GCC_WARN_UNDECLARED_SELECTOR = YES;
				GCC_WARN_UNINITIALIZED_AUTOS = YES_AGGRESSIVE;
				GCC_WARN_UNUSED_FUNCTION = YES;
				GCC_WARN_UNUSED_VARIABLE = YES;
				IPHONEOS_DEPLOYMENT_TARGET = 16.0;
				MTL_ENABLE_DEBUG_INFO = INCLUDE_SOURCE;
				MTL_FAST_MATH = YES;
				ONLY_ACTIVE_ARCH = YES;
				SDKROOT = iphoneos;
				SWIFT_ACTIVE_COMPILATION_CONDITIONS = DEBUG;
				SWIFT_OPTIMIZATION_LEVEL = "-Onone";
			};
			name = Debug;
		};
		C77ABCB628D8C6F500849FF3 /* Release */ = {
			isa = XCBuildConfiguration;
			buildSettings = {
				ALWAYS_SEARCH_USER_PATHS = NO;
				CLANG_ANALYZER_NONNULL = YES;
				CLANG_ANALYZER_NUMBER_OBJECT_CONVERSION = YES_AGGRESSIVE;
				CLANG_CXX_LANGUAGE_STANDARD = "gnu++20";
				CLANG_ENABLE_MODULES = YES;
				CLANG_ENABLE_OBJC_ARC = YES;
				CLANG_ENABLE_OBJC_WEAK = YES;
				CLANG_WARN_BLOCK_CAPTURE_AUTORELEASING = YES;
				CLANG_WARN_BOOL_CONVERSION = YES;
				CLANG_WARN_COMMA = YES;
				CLANG_WARN_CONSTANT_CONVERSION = YES;
				CLANG_WARN_DEPRECATED_OBJC_IMPLEMENTATIONS = YES;
				CLANG_WARN_DIRECT_OBJC_ISA_USAGE = YES_ERROR;
				CLANG_WARN_DOCUMENTATION_COMMENTS = YES;
				CLANG_WARN_EMPTY_BODY = YES;
				CLANG_WARN_ENUM_CONVERSION = YES;
				CLANG_WARN_INFINITE_RECURSION = YES;
				CLANG_WARN_INT_CONVERSION = YES;
				CLANG_WARN_NON_LITERAL_NULL_CONVERSION = YES;
				CLANG_WARN_OBJC_IMPLICIT_RETAIN_SELF = YES;
				CLANG_WARN_OBJC_LITERAL_CONVERSION = YES;
				CLANG_WARN_OBJC_ROOT_CLASS = YES_ERROR;
				CLANG_WARN_QUOTED_INCLUDE_IN_FRAMEWORK_HEADER = YES;
				CLANG_WARN_RANGE_LOOP_ANALYSIS = YES;
				CLANG_WARN_STRICT_PROTOTYPES = YES;
				CLANG_WARN_SUSPICIOUS_MOVE = YES;
				CLANG_WARN_UNGUARDED_AVAILABILITY = YES_AGGRESSIVE;
				CLANG_WARN_UNREACHABLE_CODE = YES;
				CLANG_WARN__DUPLICATE_METHOD_MATCH = YES;
				COPY_PHASE_STRIP = NO;
				DEBUG_INFORMATION_FORMAT = "dwarf-with-dsym";
				ENABLE_NS_ASSERTIONS = NO;
				ENABLE_STRICT_OBJC_MSGSEND = YES;
				GCC_C_LANGUAGE_STANDARD = gnu11;
				GCC_NO_COMMON_BLOCKS = YES;
				GCC_WARN_64_TO_32_BIT_CONVERSION = YES;
				GCC_WARN_ABOUT_RETURN_TYPE = YES_ERROR;
				GCC_WARN_UNDECLARED_SELECTOR = YES;
				GCC_WARN_UNINITIALIZED_AUTOS = YES_AGGRESSIVE;
				GCC_WARN_UNUSED_FUNCTION = YES;
				GCC_WARN_UNUSED_VARIABLE = YES;
				IPHONEOS_DEPLOYMENT_TARGET = 16.0;
				MTL_ENABLE_DEBUG_INFO = NO;
				MTL_FAST_MATH = YES;
				SDKROOT = iphoneos;
				SWIFT_COMPILATION_MODE = wholemodule;
				SWIFT_OPTIMIZATION_LEVEL = "-O";
				VALIDATE_PRODUCT = YES;
			};
			name = Release;
		};
		C77ABCB828D8C6F500849FF3 /* Debug */ = {
			isa = XCBuildConfiguration;
			buildSettings = {
				ASSETCATALOG_COMPILER_APPICON_NAME = AppIcon;
				ASSETCATALOG_COMPILER_GLOBAL_ACCENT_COLOR_NAME = AccentColor;
				CODE_SIGN_STYLE = Automatic;
				CURRENT_PROJECT_VERSION = 1;
				DEVELOPMENT_TEAM = E7DB2AD65D;
				GENERATE_INFOPLIST_FILE = YES;
				INFOPLIST_FILE = "Banked Up/Info.plist";
				INFOPLIST_KEY_UIApplicationSupportsIndirectInputEvents = YES;
				INFOPLIST_KEY_UILaunchStoryboardName = LaunchScreen;
				INFOPLIST_KEY_UISupportedInterfaceOrientations_iPad = "UIInterfaceOrientationPortrait UIInterfaceOrientationPortraitUpsideDown UIInterfaceOrientationLandscapeLeft UIInterfaceOrientationLandscapeRight";
				INFOPLIST_KEY_UISupportedInterfaceOrientations_iPhone = "UIInterfaceOrientationPortrait UIInterfaceOrientationLandscapeLeft UIInterfaceOrientationLandscapeRight";
				LD_RUNPATH_SEARCH_PATHS = (
					"$(inherited)",
					"@executable_path/Frameworks",
				);
				MARKETING_VERSION = 1.0;
				PRODUCT_BUNDLE_IDENTIFIER = "com.examplejojo.Banked-Up";
				PRODUCT_NAME = "$(TARGET_NAME)";
				SWIFT_EMIT_LOC_STRINGS = YES;
				SWIFT_VERSION = 5.0;
				TARGETED_DEVICE_FAMILY = "1,2";
			};
			name = Debug;
		};
		C77ABCB928D8C6F500849FF3 /* Release */ = {
			isa = XCBuildConfiguration;
			buildSettings = {
				ASSETCATALOG_COMPILER_APPICON_NAME = AppIcon;
				ASSETCATALOG_COMPILER_GLOBAL_ACCENT_COLOR_NAME = AccentColor;
				CODE_SIGN_STYLE = Automatic;
				CURRENT_PROJECT_VERSION = 1;
				DEVELOPMENT_TEAM = E7DB2AD65D;
				GENERATE_INFOPLIST_FILE = YES;
				INFOPLIST_FILE = "Banked Up/Info.plist";
				INFOPLIST_KEY_UIApplicationSupportsIndirectInputEvents = YES;
				INFOPLIST_KEY_UILaunchStoryboardName = LaunchScreen;
				INFOPLIST_KEY_UISupportedInterfaceOrientations_iPad = "UIInterfaceOrientationPortrait UIInterfaceOrientationPortraitUpsideDown UIInterfaceOrientationLandscapeLeft UIInterfaceOrientationLandscapeRight";
				INFOPLIST_KEY_UISupportedInterfaceOrientations_iPhone = "UIInterfaceOrientationPortrait UIInterfaceOrientationLandscapeLeft UIInterfaceOrientationLandscapeRight";
				LD_RUNPATH_SEARCH_PATHS = (
					"$(inherited)",
					"@executable_path/Frameworks",
				);
				MARKETING_VERSION = 1.0;
				PRODUCT_BUNDLE_IDENTIFIER = "com.examplejojo.Banked-Up";
				PRODUCT_NAME = "$(TARGET_NAME)";
				SWIFT_EMIT_LOC_STRINGS = YES;
				SWIFT_VERSION = 5.0;
				TARGETED_DEVICE_FAMILY = "1,2";
			};
			name = Release;
		};
		C7B0C63328F213AE0058F081 /* Debug */ = {
			isa = XCBuildConfiguration;
			buildSettings = {
				BUNDLE_LOADER = "$(TEST_HOST)";
				CLANG_ENABLE_MODULES = YES;
				CODE_SIGN_STYLE = Automatic;
				CURRENT_PROJECT_VERSION = 1;
				DEVELOPMENT_TEAM = E7DB2AD65D;
				GENERATE_INFOPLIST_FILE = YES;
				LD_RUNPATH_SEARCH_PATHS = (
					"$(inherited)",
					"@executable_path/Frameworks",
					"@loader_path/Frameworks",
				);
				MARKETING_VERSION = 1.0;
				PRODUCT_BUNDLE_IDENTIFIER = "com.examplejojo.Banked-Up-Unit-Tests";
				PRODUCT_NAME = "$(TARGET_NAME)";
				SWIFT_EMIT_LOC_STRINGS = NO;
				SWIFT_OPTIMIZATION_LEVEL = "-Onone";
				SWIFT_VERSION = 5.0;
				TARGETED_DEVICE_FAMILY = "1,2";
				TEST_HOST = "$(BUILT_PRODUCTS_DIR)/Banked Up.app/$(BUNDLE_EXECUTABLE_FOLDER_PATH)/Banked Up";
			};
			name = Debug;
		};
		C7B0C63428F213AE0058F081 /* Release */ = {
			isa = XCBuildConfiguration;
			buildSettings = {
				BUNDLE_LOADER = "$(TEST_HOST)";
				CLANG_ENABLE_MODULES = YES;
				CODE_SIGN_STYLE = Automatic;
				CURRENT_PROJECT_VERSION = 1;
				DEVELOPMENT_TEAM = E7DB2AD65D;
				GENERATE_INFOPLIST_FILE = YES;
				LD_RUNPATH_SEARCH_PATHS = (
					"$(inherited)",
					"@executable_path/Frameworks",
					"@loader_path/Frameworks",
				);
				MARKETING_VERSION = 1.0;
				PRODUCT_BUNDLE_IDENTIFIER = "com.examplejojo.Banked-Up-Unit-Tests";
				PRODUCT_NAME = "$(TARGET_NAME)";
				SWIFT_EMIT_LOC_STRINGS = NO;
				SWIFT_VERSION = 5.0;
				TARGETED_DEVICE_FAMILY = "1,2";
				TEST_HOST = "$(BUILT_PRODUCTS_DIR)/Banked Up.app/$(BUNDLE_EXECUTABLE_FOLDER_PATH)/Banked Up";
			};
			name = Release;
		};
/* End XCBuildConfiguration section */

/* Begin XCConfigurationList section */
		C77ABC9E28D8C6F300849FF3 /* Build configuration list for PBXProject "Banked Up" */ = {
			isa = XCConfigurationList;
			buildConfigurations = (
				C77ABCB528D8C6F500849FF3 /* Debug */,
				C77ABCB628D8C6F500849FF3 /* Release */,
			);
			defaultConfigurationIsVisible = 0;
			defaultConfigurationName = Release;
		};
		C77ABCB728D8C6F500849FF3 /* Build configuration list for PBXNativeTarget "Banked Up" */ = {
			isa = XCConfigurationList;
			buildConfigurations = (
				C77ABCB828D8C6F500849FF3 /* Debug */,
				C77ABCB928D8C6F500849FF3 /* Release */,
			);
			defaultConfigurationIsVisible = 0;
			defaultConfigurationName = Release;
		};
		C7B0C63228F213AE0058F081 /* Build configuration list for PBXNativeTarget "Banked Up Unit Tests" */ = {
			isa = XCConfigurationList;
			buildConfigurations = (
				C7B0C63328F213AE0058F081 /* Debug */,
				C7B0C63428F213AE0058F081 /* Release */,
			);
			defaultConfigurationIsVisible = 0;
			defaultConfigurationName = Release;
		};
/* End XCConfigurationList section */
	};
	rootObject = C77ABC9B28D8C6F300849FF3 /* Project object */;
}
